// !$*UTF8*$!
{
	archiveVersion = 1;
	classes = {
	};
	objectVersion = 55;
	objects = {

/* Begin PBXBuildFile section */
		3460E34B274AE0B4001E086B /* FitnessView.swift in Sources */ = {isa = PBXBuildFile; fileRef = 3460E34A274AE0B4001E086B /* FitnessView.swift */; };
		34FA65D02732DEAE007D23A0 /* AppDelegate.swift in Sources */ = {isa = PBXBuildFile; fileRef = 34FA65CF2732DEAE007D23A0 /* AppDelegate.swift */; };
		34FA65D22732DEAE007D23A0 /* SceneDelegate.swift in Sources */ = {isa = PBXBuildFile; fileRef = 34FA65D12732DEAE007D23A0 /* SceneDelegate.swift */; };
		34FA65D42732DEAE007D23A0 /* TestViewController.swift in Sources */ = {isa = PBXBuildFile; fileRef = 34FA65D32732DEAE007D23A0 /* TestViewController.swift */; };
		34FA65D92732DEAF007D23A0 /* Assets.xcassets in Resources */ = {isa = PBXBuildFile; fileRef = 34FA65D82732DEAF007D23A0 /* Assets.xcassets */; };
		34FA65DC2732DEAF007D23A0 /* LaunchScreen.storyboard in Resources */ = {isa = PBXBuildFile; fileRef = 34FA65DA2732DEAF007D23A0 /* LaunchScreen.storyboard */; };
		34FA65E42732DEBE007D23A0 /* CameraFeedView.swift in Sources */ = {isa = PBXBuildFile; fileRef = 34FA65E32732DEBE007D23A0 /* CameraFeedView.swift */; };
		34FA65E62732E002007D23A0 /* CaptureSessionFactory.swift in Sources */ = {isa = PBXBuildFile; fileRef = 34FA65E52732E002007D23A0 /* CaptureSessionFactory.swift */; };
		34FA65EA273305E5007D23A0 /* Extensions.swift in Sources */ = {isa = PBXBuildFile; fileRef = 34FA65E9273305E5007D23A0 /* Extensions.swift */; };
		34FA65EC27331CE9007D23A0 /* ImageProcessor.swift in Sources */ = {isa = PBXBuildFile; fileRef = 34FA65EB27331CE9007D23A0 /* ImageProcessor.swift */; };
/* End PBXBuildFile section */

/* Begin PBXFileReference section */
		3460E34A274AE0B4001E086B /* FitnessView.swift */ = {isa = PBXFileReference; lastKnownFileType = sourcecode.swift; path = FitnessView.swift; sourceTree = "<group>"; };
		34FA65CC2732DEAE007D23A0 /* BodyRecognitionTest.app */ = {isa = PBXFileReference; explicitFileType = wrapper.application; includeInIndex = 0; path = BodyRecognitionTest.app; sourceTree = BUILT_PRODUCTS_DIR; };
		34FA65CF2732DEAE007D23A0 /* AppDelegate.swift */ = {isa = PBXFileReference; lastKnownFileType = sourcecode.swift; path = AppDelegate.swift; sourceTree = "<group>"; };
		34FA65D12732DEAE007D23A0 /* SceneDelegate.swift */ = {isa = PBXFileReference; lastKnownFileType = sourcecode.swift; path = SceneDelegate.swift; sourceTree = "<group>"; };
		34FA65D32732DEAE007D23A0 /* TestViewController.swift */ = {isa = PBXFileReference; lastKnownFileType = sourcecode.swift; path = TestViewController.swift; sourceTree = "<group>"; };
		34FA65D82732DEAF007D23A0 /* Assets.xcassets */ = {isa = PBXFileReference; lastKnownFileType = folder.assetcatalog; path = Assets.xcassets; sourceTree = "<group>"; };
		34FA65DB2732DEAF007D23A0 /* Base */ = {isa = PBXFileReference; lastKnownFileType = file.storyboard; name = Base; path = Base.lproj/LaunchScreen.storyboard; sourceTree = "<group>"; };
		34FA65DD2732DEAF007D23A0 /* Info.plist */ = {isa = PBXFileReference; lastKnownFileType = text.plist.xml; path = Info.plist; sourceTree = "<group>"; };
		34FA65E32732DEBE007D23A0 /* CameraFeedView.swift */ = {isa = PBXFileReference; lastKnownFileType = sourcecode.swift; path = CameraFeedView.swift; sourceTree = "<group>"; };
		34FA65E52732E002007D23A0 /* CaptureSessionFactory.swift */ = {isa = PBXFileReference; lastKnownFileType = sourcecode.swift; path = CaptureSessionFactory.swift; sourceTree = "<group>"; };
		34FA65E9273305E5007D23A0 /* Extensions.swift */ = {isa = PBXFileReference; lastKnownFileType = sourcecode.swift; path = Extensions.swift; sourceTree = "<group>"; };
		34FA65EB27331CE9007D23A0 /* ImageProcessor.swift */ = {isa = PBXFileReference; lastKnownFileType = sourcecode.swift; path = ImageProcessor.swift; sourceTree = "<group>"; };
/* End PBXFileReference section */

/* Begin PBXFrameworksBuildPhase section */
		34FA65C92732DEAE007D23A0 /* Frameworks */ = {
			isa = PBXFrameworksBuildPhase;
			buildActionMask = 2147483647;
			files = (
			);
			runOnlyForDeploymentPostprocessing = 0;
		};
/* End PBXFrameworksBuildPhase section */

/* Begin PBXGroup section */
		34FA65C32732DEAE007D23A0 = {
			isa = PBXGroup;
			children = (
				34FA65CE2732DEAE007D23A0 /* BodyRecognitionTest */,
				34FA65CD2732DEAE007D23A0 /* Products */,
			);
			sourceTree = "<group>";
		};
		34FA65CD2732DEAE007D23A0 /* Products */ = {
			isa = PBXGroup;
			children = (
				34FA65CC2732DEAE007D23A0 /* BodyRecognitionTest.app */,
			);
			name = Products;
			sourceTree = "<group>";
		};
		34FA65CE2732DEAE007D23A0 /* BodyRecognitionTest */ = {
			isa = PBXGroup;
			children = (
				34FA65CF2732DEAE007D23A0 /* AppDelegate.swift */,
				34FA65D12732DEAE007D23A0 /* SceneDelegate.swift */,
				34FA65D32732DEAE007D23A0 /* TestViewController.swift */,
				34FA65E32732DEBE007D23A0 /* CameraFeedView.swift */,
				34FA65EB27331CE9007D23A0 /* ImageProcessor.swift */,
				34FA65E52732E002007D23A0 /* CaptureSessionFactory.swift */,
				34FA65E9273305E5007D23A0 /* Extensions.swift */,
				3460E34A274AE0B4001E086B /* FitnessView.swift */,
				34FA65D82732DEAF007D23A0 /* Assets.xcassets */,
				34FA65DA2732DEAF007D23A0 /* LaunchScreen.storyboard */,
				34FA65DD2732DEAF007D23A0 /* Info.plist */,
			);
			path = BodyRecognitionTest;
			sourceTree = "<group>";
		};
/* End PBXGroup section */

/* Begin PBXNativeTarget section */
		34FA65CB2732DEAE007D23A0 /* BodyRecognitionTest */ = {
			isa = PBXNativeTarget;
			buildConfigurationList = 34FA65E02732DEAF007D23A0 /* Build configuration list for PBXNativeTarget "BodyRecognitionTest" */;
			buildPhases = (
				34FA65C82732DEAE007D23A0 /* Sources */,
				34FA65C92732DEAE007D23A0 /* Frameworks */,
				34FA65CA2732DEAE007D23A0 /* Resources */,
			);
			buildRules = (
			);
			dependencies = (
			);
			name = BodyRecognitionTest;
			productName = BodyRecognitionTest;
			productReference = 34FA65CC2732DEAE007D23A0 /* BodyRecognitionTest.app */;
			productType = "com.apple.product-type.application";
		};
/* End PBXNativeTarget section */

/* Begin PBXProject section */
		34FA65C42732DEAE007D23A0 /* Project object */ = {
			isa = PBXProject;
			attributes = {
				BuildIndependentTargetsInParallel = 1;
				LastSwiftUpdateCheck = 1310;
				LastUpgradeCheck = 1310;
				TargetAttributes = {
					34FA65CB2732DEAE007D23A0 = {
						CreatedOnToolsVersion = 13.1;
					};
				};
			};
			buildConfigurationList = 34FA65C72732DEAE007D23A0 /* Build configuration list for PBXProject "BodyRecognitionTest" */;
			compatibilityVersion = "Xcode 13.0";
			developmentRegion = en;
			hasScannedForEncodings = 0;
			knownRegions = (
				en,
				Base,
			);
			mainGroup = 34FA65C32732DEAE007D23A0;
			productRefGroup = 34FA65CD2732DEAE007D23A0 /* Products */;
			projectDirPath = "";
			projectRoot = "";
			targets = (
				34FA65CB2732DEAE007D23A0 /* BodyRecognitionTest */,
			);
		};
/* End PBXProject section */

/* Begin PBXResourcesBuildPhase section */
		34FA65CA2732DEAE007D23A0 /* Resources */ = {
			isa = PBXResourcesBuildPhase;
			buildActionMask = 2147483647;
			files = (
				34FA65DC2732DEAF007D23A0 /* LaunchScreen.storyboard in Resources */,
				34FA65D92732DEAF007D23A0 /* Assets.xcassets in Resources */,
			);
			runOnlyForDeploymentPostprocessing = 0;
		};
/* End PBXResourcesBuildPhase section */

/* Begin PBXSourcesBuildPhase section */
		34FA65C82732DEAE007D23A0 /* Sources */ = {
			isa = PBXSourcesBuildPhase;
			buildActionMask = 2147483647;
			files = (
				34FA65D42732DEAE007D23A0 /* TestViewController.swift in Sources */,
				34FA65EC27331CE9007D23A0 /* ImageProcessor.swift in Sources */,
				34FA65EA273305E5007D23A0 /* Extensions.swift in Sources */,
				3460E34B274AE0B4001E086B /* FitnessView.swift in Sources */,
				34FA65D02732DEAE007D23A0 /* AppDelegate.swift in Sources */,
				34FA65D22732DEAE007D23A0 /* SceneDelegate.swift in Sources */,
				34FA65E42732DEBE007D23A0 /* CameraFeedView.swift in Sources */,
				34FA65E62732E002007D23A0 /* CaptureSessionFactory.swift in Sources */,
			);
			runOnlyForDeploymentPostprocessing = 0;
		};
/* End PBXSourcesBuildPhase section */

/* Begin PBXVariantGroup section */
		34FA65DA2732DEAF007D23A0 /* LaunchScreen.storyboard */ = {
			isa = PBXVariantGroup;
			children = (
				34FA65DB2732DEAF007D23A0 /* Base */,
			);
			name = LaunchScreen.storyboard;
			sourceTree = "<group>";
		};
/* End PBXVariantGroup section */

/* Begin XCBuildConfiguration section */
		34FA65DE2732DEAF007D23A0 /* Debug */ = {
			isa = XCBuildConfiguration;
			buildSettings = {
				ALWAYS_SEARCH_USER_PATHS = NO;
				CLANG_ANALYZER_NONNULL = YES;
				CLANG_ANALYZER_NUMBER_OBJECT_CONVERSION = YES_AGGRESSIVE;
				CLANG_CXX_LANGUAGE_STANDARD = "gnu++17";
				CLANG_CXX_LIBRARY = "libc++";
				CLANG_ENABLE_MODULES = YES;
				CLANG_ENABLE_OBJC_ARC = YES;
				CLANG_ENABLE_OBJC_WEAK = YES;
				CLANG_WARN_BLOCK_CAPTURE_AUTORELEASING = YES;
				CLANG_WARN_BOOL_CONVERSION = YES;
				CLANG_WARN_COMMA = YES;
				CLANG_WARN_CONSTANT_CONVERSION = YES;
				CLANG_WARN_DEPRECATED_OBJC_IMPLEMENTATIONS = YES;
				CLANG_WARN_DIRECT_OBJC_ISA_USAGE = YES_ERROR;
				CLANG_WARN_DOCUMENTATION_COMMENTS = YES;
				CLANG_WARN_EMPTY_BODY = YES;
				CLANG_WARN_ENUM_CONVERSION = YES;
				CLANG_WARN_INFINITE_RECURSION = YES;
				CLANG_WARN_INT_CONVERSION = YES;
				CLANG_WARN_NON_LITERAL_NULL_CONVERSION = YES;
				CLANG_WARN_OBJC_IMPLICIT_RETAIN_SELF = YES;
				CLANG_WARN_OBJC_LITERAL_CONVERSION = YES;
				CLANG_WARN_OBJC_ROOT_CLASS = YES_ERROR;
				CLANG_WARN_QUOTED_INCLUDE_IN_FRAMEWORK_HEADER = YES;
				CLANG_WARN_RANGE_LOOP_ANALYSIS = YES;
				CLANG_WARN_STRICT_PROTOTYPES = YES;
				CLANG_WARN_SUSPICIOUS_MOVE = YES;
				CLANG_WARN_UNGUARDED_AVAILABILITY = YES_AGGRESSIVE;
				CLANG_WARN_UNREACHABLE_CODE = YES;
				CLANG_WARN__DUPLICATE_METHOD_MATCH = YES;
				COPY_PHASE_STRIP = NO;
				DEBUG_INFORMATION_FORMAT = dwarf;
				ENABLE_STRICT_OBJC_MSGSEND = YES;
				ENABLE_TESTABILITY = YES;
				GCC_C_LANGUAGE_STANDARD = gnu11;
				GCC_DYNAMIC_NO_PIC = NO;
				GCC_NO_COMMON_BLOCKS = YES;
				GCC_OPTIMIZATION_LEVEL = 0;
				GCC_PREPROCESSOR_DEFINITIONS = (
					"DEBUG=1",
					"$(inherited)",
				);
				GCC_WARN_64_TO_32_BIT_CONVERSION = YES;
				GCC_WARN_ABOUT_RETURN_TYPE = YES_ERROR;
				GCC_WARN_UNDECLARED_SELECTOR = YES;
				GCC_WARN_UNINITIALIZED_AUTOS = YES_AGGRESSIVE;
				GCC_WARN_UNUSED_FUNCTION = YES;
				GCC_WARN_UNUSED_VARIABLE = YES;
				IPHONEOS_DEPLOYMENT_TARGET = 15.0;
				MTL_ENABLE_DEBUG_INFO = INCLUDE_SOURCE;
				MTL_FAST_MATH = YES;
				ONLY_ACTIVE_ARCH = YES;
				SDKROOT = iphoneos;
				SWIFT_ACTIVE_COMPILATION_CONDITIONS = DEBUG;
				SWIFT_OPTIMIZATION_LEVEL = "-Onone";
			};
			name = Debug;
		};
		34FA65DF2732DEAF007D23A0 /* Release */ = {
			isa = XCBuildConfiguration;
			buildSettings = {
				ALWAYS_SEARCH_USER_PATHS = NO;
				CLANG_ANALYZER_NONNULL = YES;
				CLANG_ANALYZER_NUMBER_OBJECT_CONVERSION = YES_AGGRESSIVE;
				CLANG_CXX_LANGUAGE_STANDARD = "gnu++17";
				CLANG_CXX_LIBRARY = "libc++";
				CLANG_ENABLE_MODULES = YES;
				CLANG_ENABLE_OBJC_ARC = YES;
				CLANG_ENABLE_OBJC_WEAK = YES;
				CLANG_WARN_BLOCK_CAPTURE_AUTORELEASING = YES;
				CLANG_WARN_BOOL_CONVERSION = YES;
				CLANG_WARN_COMMA = YES;
				CLANG_WARN_CONSTANT_CONVERSION = YES;
				CLANG_WARN_DEPRECATED_OBJC_IMPLEMENTATIONS = YES;
				CLANG_WARN_DIRECT_OBJC_ISA_USAGE = YES_ERROR;
				CLANG_WARN_DOCUMENTATION_COMMENTS = YES;
				CLANG_WARN_EMPTY_BODY = YES;
				CLANG_WARN_ENUM_CONVERSION = YES;
				CLANG_WARN_INFINITE_RECURSION = YES;
				CLANG_WARN_INT_CONVERSION = YES;
				CLANG_WARN_NON_LITERAL_NULL_CONVERSION = YES;
				CLANG_WARN_OBJC_IMPLICIT_RETAIN_SELF = YES;
				CLANG_WARN_OBJC_LITERAL_CONVERSION = YES;
				CLANG_WARN_OBJC_ROOT_CLASS = YES_ERROR;
				CLANG_WARN_QUOTED_INCLUDE_IN_FRAMEWORK_HEADER = YES;
				CLANG_WARN_RANGE_LOOP_ANALYSIS = YES;
				CLANG_WARN_STRICT_PROTOTYPES = YES;
				CLANG_WARN_SUSPICIOUS_MOVE = YES;
				CLANG_WARN_UNGUARDED_AVAILABILITY = YES_AGGRESSIVE;
				CLANG_WARN_UNREACHABLE_CODE = YES;
				CLANG_WARN__DUPLICATE_METHOD_MATCH = YES;
				COPY_PHASE_STRIP = NO;
				DEBUG_INFORMATION_FORMAT = "dwarf-with-dsym";
				ENABLE_NS_ASSERTIONS = NO;
				ENABLE_STRICT_OBJC_MSGSEND = YES;
				GCC_C_LANGUAGE_STANDARD = gnu11;
				GCC_NO_COMMON_BLOCKS = YES;
				GCC_WARN_64_TO_32_BIT_CONVERSION = YES;
				GCC_WARN_ABOUT_RETURN_TYPE = YES_ERROR;
				GCC_WARN_UNDECLARED_SELECTOR = YES;
				GCC_WARN_UNINITIALIZED_AUTOS = YES_AGGRESSIVE;
				GCC_WARN_UNUSED_FUNCTION = YES;
				GCC_WARN_UNUSED_VARIABLE = YES;
				IPHONEOS_DEPLOYMENT_TARGET = 15.0;
				MTL_ENABLE_DEBUG_INFO = NO;
				MTL_FAST_MATH = YES;
				SDKROOT = iphoneos;
				SWIFT_COMPILATION_MODE = wholemodule;
				SWIFT_OPTIMIZATION_LEVEL = "-O";
				VALIDATE_PRODUCT = YES;
			};
			name = Release;
		};
		34FA65E12732DEAF007D23A0 /* Debug */ = {
			isa = XCBuildConfiguration;
			buildSettings = {
				ASSETCATALOG_COMPILER_APPICON_NAME = AppIcon;
				ASSETCATALOG_COMPILER_GLOBAL_ACCENT_COLOR_NAME = AccentColor;
				CODE_SIGN_STYLE = Automatic;
				CURRENT_PROJECT_VERSION = 1;
				DEVELOPMENT_TEAM = 9ZB2A7WP7E;
				GENERATE_INFOPLIST_FILE = YES;
				INFOPLIST_FILE = BodyRecognitionTest/Info.plist;
				INFOPLIST_KEY_NSCameraUsageDescription = LaLaLa;
				INFOPLIST_KEY_UIApplicationSupportsIndirectInputEvents = YES;
				INFOPLIST_KEY_UILaunchStoryboardName = LaunchScreen;
				INFOPLIST_KEY_UISupportedInterfaceOrientations_iPad = "UIInterfaceOrientationPortrait UIInterfaceOrientationPortraitUpsideDown UIInterfaceOrientationLandscapeLeft UIInterfaceOrientationLandscapeRight";
				INFOPLIST_KEY_UISupportedInterfaceOrientations_iPhone = "UIInterfaceOrientationPortrait UIInterfaceOrientationLandscapeLeft UIInterfaceOrientationLandscapeRight";
				LD_RUNPATH_SEARCH_PATHS = (
					"$(inherited)",
					"@executable_path/Frameworks",
				);
				MARKETING_VERSION = 1.0;
				PRODUCT_BUNDLE_IDENTIFIER = com.MS.BodyRecognitionTest;
				PRODUCT_NAME = "$(TARGET_NAME)";
				SWIFT_EMIT_LOC_STRINGS = YES;
				SWIFT_VERSION = 5.0;
				TARGETED_DEVICE_FAMILY = "1,2";
			};
			name = Debug;
		};
		34FA65E22732DEAF007D23A0 /* Release */ = {
			isa = XCBuildConfiguration;
			buildSettings = {
				ASSETCATALOG_COMPILER_APPICON_NAME = AppIcon;
				ASSETCATALOG_COMPILER_GLOBAL_ACCENT_COLOR_NAME = AccentColor;
				CODE_SIGN_STYLE = Automatic;
				CURRENT_PROJECT_VERSION = 1;
				DEVELOPMENT_TEAM = 9ZB2A7WP7E;
				GENERATE_INFOPLIST_FILE = YES;
				INFOPLIST_FILE = BodyRecognitionTest/Info.plist;
				INFOPLIST_KEY_NSCameraUsageDescription = LaLaLa;
				INFOPLIST_KEY_UIApplicationSupportsIndirectInputEvents = YES;
				INFOPLIST_KEY_UILaunchStoryboardName = LaunchScreen;
				INFOPLIST_KEY_UISupportedInterfaceOrientations_iPad = "UIInterfaceOrientationPortrait UIInterfaceOrientationPortraitUpsideDown UIInterfaceOrientationLandscapeLeft UIInterfaceOrientationLandscapeRight";
				INFOPLIST_KEY_UISupportedInterfaceOrientations_iPhone = "UIInterfaceOrientationPortrait UIInterfaceOrientationLandscapeLeft UIInterfaceOrientationLandscapeRight";
				LD_RUNPATH_SEARCH_PATHS = (
					"$(inherited)",
					"@executable_path/Frameworks",
				);
				MARKETING_VERSION = 1.0;
				PRODUCT_BUNDLE_IDENTIFIER = com.MS.BodyRecognitionTest;
				PRODUCT_NAME = "$(TARGET_NAME)";
				SWIFT_EMIT_LOC_STRINGS = YES;
				SWIFT_VERSION = 5.0;
				TARGETED_DEVICE_FAMILY = "1,2";
			};
			name = Release;
		};
/* End XCBuildConfiguration section */

/* Begin XCConfigurationList section */
		34FA65C72732DEAE007D23A0 /* Build configuration list for PBXProject "BodyRecognitionTest" */ = {
			isa = XCConfigurationList;
			buildConfigurations = (
				34FA65DE2732DEAF007D23A0 /* Debug */,
				34FA65DF2732DEAF007D23A0 /* Release */,
			);
			defaultConfigurationIsVisible = 0;
			defaultConfigurationName = Release;
		};
		34FA65E02732DEAF007D23A0 /* Build configuration list for PBXNativeTarget "BodyRecognitionTest" */ = {
			isa = XCConfigurationList;
			buildConfigurations = (
				34FA65E12732DEAF007D23A0 /* Debug */,
				34FA65E22732DEAF007D23A0 /* Release */,
			);
			defaultConfigurationIsVisible = 0;
			defaultConfigurationName = Release;
		};
/* End XCConfigurationList section */
	};
	rootObject = 34FA65C42732DEAE007D23A0 /* Project object */;
}
